
Microsoft Visual Studio Solution File, Format Version 12.00
# Visual Studio Version 17
VisualStudioVersion = 17.14.36511.14
MinimumVisualStudioVersion = 10.0.40219.1
Project("{FAE04EC0-301F-11D3-BF4B-00C04F79EFBC}") = "MultiLangDemo", "MultiLangDemo\MultiLangDemo.csproj", "{CFD893C3-4C13-4FF0-8CF5-27D06CCA033E}"
EndProject
Global
	GlobalSection(SolutionConfigurationPlatforms) = preSolution
		Debug|Any CPU = Debug|Any CPU
		Release|Any CPU = Release|Any CPU
	EndGlobalSection
	GlobalSection(ProjectConfigurationPlatforms) = postSolution
		{CFD893C3-4C13-4FF0-8CF5-27D06CCA033E}.Debug|Any CPU.ActiveCfg = Debug|Any CPU
		{CFD893C3-4C13-4FF0-8CF5-27D06CCA033E}.Debug|Any CPU.Build.0 = Debug|Any CPU
		{CFD893C3-4C13-4FF0-8CF5-27D06CCA033E}.Release|Any CPU.ActiveCfg = Release|Any CPU
		{CFD893C3-4C13-4FF0-8CF5-27D06CCA033E}.Release|Any CPU.Build.0 = Release|Any CPU
	EndGlobalSection
	GlobalSection(SolutionProperties) = preSolution
		HideSolutionNode = FALSE
	EndGlobalSection
	GlobalSection(ExtensibilityGlobals) = postSolution
		SolutionGuid = {86689178-47DA-4346-B65F-0396EFCD32DC}
	EndGlobalSection
EndGlobal
